
Microsoft Visual Studio Solution File, Format Version 12.00
# Visual Studio 15
VisualStudioVersion = 15.0.28307.757
MinimumVisualStudioVersion = 10.0.40219.1
Project("{FAE04EC0-301F-11D3-BF4B-00C04F79EFBC}") = "TaleOfMati", "TaleOfMati\TaleOfMati.csproj", "{EE7807A4-928C-4467-B2B5-1244DC8E5005}"
EndProject
Global
	GlobalSection(SolutionConfigurationPlatforms) = preSolution
		Debug|Any CPU = Debug|Any CPU
		Release|Any CPU = Release|Any CPU
	EndGlobalSection
	GlobalSection(ProjectConfigurationPlatforms) = postSolution
		{EE7807A4-928C-4467-B2B5-1244DC8E5005}.Debug|Any CPU.ActiveCfg = Debug|Any CPU
		{EE7807A4-928C-4467-B2B5-1244DC8E5005}.Debug|Any CPU.Build.0 = Debug|Any CPU
		{EE7807A4-928C-4467-B2B5-1244DC8E5005}.Release|Any CPU.ActiveCfg = Release|Any CPU
		{EE7807A4-928C-4467-B2B5-1244DC8E5005}.Release|Any CPU.Build.0 = Release|Any CPU
	EndGlobalSection
	GlobalSection(SolutionProperties) = preSolution
		HideSolutionNode = FALSE
	EndGlobalSection
	GlobalSection(ExtensibilityGlobals) = postSolution
		SolutionGuid = {DF09DF39-1255-435B-8582-00FFF88C055A}
	EndGlobalSection
EndGlobal
